// !$*UTF8*$!
{
	archiveVersion = 1;
	classes = {
	};
	objectVersion = 46;
	objects = {

/* Begin PBXBuildFile section */
		9103CD7216F7EE0900506F8B /* QuartzCore.framework in Frameworks */ = {isa = PBXBuildFile; fileRef = 9103CD7116F7EE0900506F8B /* QuartzCore.framework */; };
		9106520C16C574160010DC76 /* MMTextView.m in Sources */ = {isa = PBXBuildFile; fileRef = 9106520B16C574160010DC76 /* MMTextView.m */; };
		910D0EED1757B8B100FFF569 /* MMShellCommands.m in Sources */ = {isa = PBXBuildFile; fileRef = 910D0EEC1757B8B100FFF569 /* MMShellCommands.m */; };
		910D0EEE1757B8B100FFF569 /* MMShellCommands.m in Sources */ = {isa = PBXBuildFile; fileRef = 910D0EEC1757B8B100FFF569 /* MMShellCommands.m */; };
		9121418C1757E5CA00A50F6E /* MMFirstRunWindowController.m in Sources */ = {isa = PBXBuildFile; fileRef = 9121418A1757E5CA00A50F6E /* MMFirstRunWindowController.m */; };
		9121418D1757E5CA00A50F6E /* MMFirstRunWindowController.xib in Resources */ = {isa = PBXBuildFile; fileRef = 9121418B1757E5CA00A50F6E /* MMFirstRunWindowController.xib */; };
		912141A21757FF7900A50F6E /* Quincy.framework in Frameworks */ = {isa = PBXBuildFile; fileRef = 912141A01757FA4300A50F6E /* Quincy.framework */; };
		912141A51758001700A50F6E /* Quincy.framework in CopyFiles */ = {isa = PBXBuildFile; fileRef = 912141A01757FA4300A50F6E /* Quincy.framework */; };
		912141A81758F61200A50F6E /* MMUtilities.m in Sources */ = {isa = PBXBuildFile; fileRef = 912141A71758F61200A50F6E /* MMUtilities.m */; };
		912141AA175919C000A50F6E /* path-script.sh in Resources */ = {isa = PBXBuildFile; fileRef = 912141A91759192400A50F6E /* path-script.sh */; };
		9126054E1739C5BC001962AE /* MMCommandLineParserTests.m in Sources */ = {isa = PBXBuildFile; fileRef = 9126054C1739C4E0001962AE /* MMCommandLineParserTests.m */; };
		912605511739E1EF001962AE /* MMCommandLineArgumentsParser.m in Sources */ = {isa = PBXBuildFile; fileRef = 912605501739E1EF001962AE /* MMCommandLineArgumentsParser.m */; };
		9139E161173B2423009FFC1E /* MMTerminalConnection.m in Sources */ = {isa = PBXBuildFile; fileRef = 9139E160173B2423009FFC1E /* MMTerminalConnection.m */; };
		913CC1C1174A92AD00E002AD /* Shell in CopyFiles */ = {isa = PBXBuildFile; fileRef = 919BA9AF16C875C40091CB1B /* Shell */; };
		913CC1C5174C31FD00E002AD /* MMANSIAction.m in Sources */ = {isa = PBXBuildFile; fileRef = 913CC1C4174C31FD00E002AD /* MMANSIAction.m */; };
		913CC1C9174C34E100E002AD /* MMMoveCursor.m in Sources */ = {isa = PBXBuildFile; fileRef = 913CC1C8174C34E100E002AD /* MMMoveCursor.m */; };
		913CC1CD174D2D8100E002AD /* MMErasingActions.m in Sources */ = {isa = PBXBuildFile; fileRef = 913CC1CC174D2D8100E002AD /* MMErasingActions.m */; };
		913CC1D1174D703D00E002AD /* MMLineManipulationActions.m in Sources */ = {isa = PBXBuildFile; fileRef = 913CC1D0174D703C00E002AD /* MMLineManipulationActions.m */; };
		913CC1D5174DA22500E002AD /* MMIndexActions.m in Sources */ = {isa = PBXBuildFile; fileRef = 913CC1D4174DA22500E002AD /* MMIndexActions.m */; };
		91557406175E9BFB004C2ED1 /* MMTabAction.m in Sources */ = {isa = PBXBuildFile; fileRef = 91557405175E9BFB004C2ED1 /* MMTabAction.m */; };
		91557CA7175A557F00CEEFC8 /* MMDisplayActions.m in Sources */ = {isa = PBXBuildFile; fileRef = 91557CA6175A557F00CEEFC8 /* MMDisplayActions.m */; };
		917D1C42173963C800503158 /* lexer.lm in Sources */ = {isa = PBXBuildFile; fileRef = 917D1C41173963C800503158 /* lexer.lm */; };
		917D1C4417396C8000503158 /* parser.ym in Sources */ = {isa = PBXBuildFile; fileRef = 917D1C4317396C8000503158 /* parser.ym */; };
		917D1C47173973D600503158 /* MMParserContext.m in Sources */ = {isa = PBXBuildFile; fileRef = 917D1C46173973D600503158 /* MMParserContext.m */; };
		9186499016D2A6190024D9BE /* MMTerminalWindowController.m in Sources */ = {isa = PBXBuildFile; fileRef = 9186498E16D2A6190024D9BE /* MMTerminalWindowController.m */; };
		9186499116D2A6190024D9BE /* MMTerminalWindow.xib in Resources */ = {isa = PBXBuildFile; fileRef = 9186498F16D2A6190024D9BE /* MMTerminalWindow.xib */; };
		9186499416D408700024D9BE /* MMTask.m in Sources */ = {isa = PBXBuildFile; fileRef = 9186499316D408700024D9BE /* MMTask.m */; };
		9186499A16D46A490024D9BE /* MMTaskCellViewController.m in Sources */ = {isa = PBXBuildFile; fileRef = 9186499816D46A490024D9BE /* MMTaskCellViewController.m */; };
		9186499B16D46A490024D9BE /* MMTaskCellView.xib in Resources */ = {isa = PBXBuildFile; fileRef = 9186499916D46A490024D9BE /* MMTaskCellView.xib */; };
		918649B916D5D19E0024D9BE /* MMShared.m in Sources */ = {isa = PBXBuildFile; fileRef = 918649B116D5A6A80024D9BE /* MMShared.m */; };
		918649BA16D5D1BD0024D9BE /* MMShared.m in Sources */ = {isa = PBXBuildFile; fileRef = 918649B116D5A6A80024D9BE /* MMShared.m */; };
		918649BE16D69A700024D9BE /* MMDebugMessagesWindowController.m in Sources */ = {isa = PBXBuildFile; fileRef = 918649BC16D69A6F0024D9BE /* MMDebugMessagesWindowController.m */; };
		918649BF16D69A700024D9BE /* MMDebugMessagesPanel.xib in Resources */ = {isa = PBXBuildFile; fileRef = 918649BD16D69A700024D9BE /* MMDebugMessagesPanel.xib */; };
		919ABB4D16FF9D7200BB7108 /* InfoPlist.strings in Resources */ = {isa = PBXBuildFile; fileRef = 919ABB4B16FF9D7200BB7108 /* InfoPlist.strings */; };
		919ABB5016FFA22900BB7108 /* MMTaskTests.m in Sources */ = {isa = PBXBuildFile; fileRef = 919ABB4F16FFA22900BB7108 /* MMTaskTests.m */; };
		919BA9B116C875C40091CB1B /* Foundation.framework in Frameworks */ = {isa = PBXBuildFile; fileRef = 919BA9B016C875C40091CB1B /* Foundation.framework */; };
		919BA9B416C875C40091CB1B /* main.m in Sources */ = {isa = PBXBuildFile; fileRef = 919BA9B316C875C40091CB1B /* main.m */; };
		919BA9B816C875C40091CB1B /* Shell.1 in CopyFiles */ = {isa = PBXBuildFile; fileRef = 919BA9B716C875C40091CB1B /* Shell.1 */; };
		919BA9C016C87E4F0091CB1B /* MMShellMain.m in Sources */ = {isa = PBXBuildFile; fileRef = 919BA9BF16C87E4F0091CB1B /* MMShellMain.m */; };
		91B8050B16FBC70B00E6D9DF /* MMShellMain.m in Sources */ = {isa = PBXBuildFile; fileRef = 919BA9BF16C87E4F0091CB1B /* MMShellMain.m */; };
		91B8050F16FF9BCD00E6D9DF /* ANSIEscapeSequencesTests.m in Sources */ = {isa = PBXBuildFile; fileRef = 91B8050E16FF9BCD00E6D9DF /* ANSIEscapeSequencesTests.m */; };
		91B8051216FF9BDA00E6D9DF /* TerminalTests-Info.plist in Resources */ = {isa = PBXBuildFile; fileRef = 91B8051016FF9BD900E6D9DF /* TerminalTests-Info.plist */; };
		91C7D984173ECE0900875974 /* MMCommandsTextView.m in Sources */ = {isa = PBXBuildFile; fileRef = 91C7D983173ECE0900875974 /* MMCommandsTextView.m */; };
		91C7D987173F250300875974 /* MMCompletionEngine.m in Sources */ = {isa = PBXBuildFile; fileRef = 91C7D986173F250300875974 /* MMCompletionEngine.m */; };
		91C7D98D1740793800875974 /* libiconv.dylib in Frameworks */ = {isa = PBXBuildFile; fileRef = 91C7D9881740575700875974 /* libiconv.dylib */; };
		91E4A26A1753F9EF00EFDDBE /* MMCommandGroup.m in Sources */ = {isa = PBXBuildFile; fileRef = 91E4A2691753F9EF00EFDDBE /* MMCommandGroup.m */; };
		91E4A26B1754371400EFDDBE /* MMCommandGroup.m in Sources */ = {isa = PBXBuildFile; fileRef = 91E4A2691753F9EF00EFDDBE /* MMCommandGroup.m */; };
		91E4C02C1742C65400062EF5 /* Icon.icns in Resources */ = {isa = PBXBuildFile; fileRef = 91E4C02B1742C65400062EF5 /* Icon.icns */; };
		91E4C0601745682800062EF5 /* Foundation.framework in Frameworks */ = {isa = PBXBuildFile; fileRef = 919BA9B016C875C40091CB1B /* Foundation.framework */; };
		91E4C0631745682800062EF5 /* main.m in Sources */ = {isa = PBXBuildFile; fileRef = 91E4C0621745682800062EF5 /* main.m */; };
		91E4C0671745682800062EF5 /* ProcessMonitor.1 in CopyFiles */ = {isa = PBXBuildFile; fileRef = 91E4C0661745682800062EF5 /* ProcessMonitor.1 */; };
		91E4C06D1745685000062EF5 /* MMProcessMonitorMain.m in Sources */ = {isa = PBXBuildFile; fileRef = 91E4C06C1745685000062EF5 /* MMProcessMonitorMain.m */; };
		91E4C07217456FF200062EF5 /* Security.framework in Frameworks */ = {isa = PBXBuildFile; fileRef = 91E4C07017456FE600062EF5 /* Security.framework */; };
		91E4C0741745712200062EF5 /* ServiceManagement.framework in Frameworks */ = {isa = PBXBuildFile; fileRef = 91E4C0731745712200062EF5 /* ServiceManagement.framework */; };
		91E4C07817459E7400062EF5 /* mmm.ProcessMonitor in CopyFiles */ = {isa = PBXBuildFile; fileRef = 91E4C05F1745682800062EF5 /* mmm.ProcessMonitor */; };
		91E4C07A1745E00900062EF5 /* MMShared.m in Sources */ = {isa = PBXBuildFile; fileRef = 918649B116D5A6A80024D9BE /* MMShared.m */; };
		91F1747216ED0CF0002E2594 /* SenTestingKit.framework in Frameworks */ = {isa = PBXBuildFile; fileRef = 91F1747116ED0CF0002E2594 /* SenTestingKit.framework */; };
		91F1747316ED0CF0002E2594 /* Cocoa.framework in Frameworks */ = {isa = PBXBuildFile; fileRef = 91F4EEBF16B8D63D00F65E91 /* Cocoa.framework */; };
		91F4EEC016B8D63D00F65E91 /* Cocoa.framework in Frameworks */ = {isa = PBXBuildFile; fileRef = 91F4EEBF16B8D63D00F65E91 /* Cocoa.framework */; };
		91F4EECA16B8D63D00F65E91 /* InfoPlist.strings in Resources */ = {isa = PBXBuildFile; fileRef = 91F4EEC816B8D63D00F65E91 /* InfoPlist.strings */; };
		91F4EECC16B8D63D00F65E91 /* main.m in Sources */ = {isa = PBXBuildFile; fileRef = 91F4EECB16B8D63D00F65E91 /* main.m */; };
		91F4EED016B8D63D00F65E91 /* Credits.rtf in Resources */ = {isa = PBXBuildFile; fileRef = 91F4EECE16B8D63D00F65E91 /* Credits.rtf */; };
		91F4EED316B8D63D00F65E91 /* MMAppDelegate.m in Sources */ = {isa = PBXBuildFile; fileRef = 91F4EED216B8D63D00F65E91 /* MMAppDelegate.m */; };
		91F4EED616B8D63D00F65E91 /* MMMainMenu.xib in Resources */ = {isa = PBXBuildFile; fileRef = 91F4EED416B8D63D00F65E91 /* MMMainMenu.xib */; };
/* End PBXBuildFile section */

/* Begin PBXContainerItemProxy section */
		919BA9BC16C876260091CB1B /* PBXContainerItemProxy */ = {
			isa = PBXContainerItemProxy;
			containerPortal = 91F4EEB416B8D63C00F65E91 /* Project object */;
			proxyType = 1;
			remoteGlobalIDString = 919BA9AE16C875C40091CB1B;
			remoteInfo = Shell;
		};
		91E4C06E174569A000062EF5 /* PBXContainerItemProxy */ = {
			isa = PBXContainerItemProxy;
			containerPortal = 91F4EEB416B8D63C00F65E91 /* Project object */;
			proxyType = 1;
			remoteGlobalIDString = 91E4C05E1745682800062EF5;
			remoteInfo = ProcessMonitor;
		};
		91F1748116ED0F31002E2594 /* PBXContainerItemProxy */ = {
			isa = PBXContainerItemProxy;
			containerPortal = 91F4EEB416B8D63C00F65E91 /* Project object */;
			proxyType = 1;
			remoteGlobalIDString = 91F4EEBB16B8D63D00F65E91;
			remoteInfo = Terminal;
		};
/* End PBXContainerItemProxy section */

/* Begin PBXCopyFilesBuildPhase section */
		912141A41757FFFF00A50F6E /* CopyFiles */ = {
			isa = PBXCopyFilesBuildPhase;
			buildActionMask = 2147483647;
			dstPath = "";
			dstSubfolderSpec = 10;
			files = (
				912141A51758001700A50F6E /* Quincy.framework in CopyFiles */,
			);
			runOnlyForDeploymentPostprocessing = 0;
		};
		913CC1C0174A929F00E002AD /* CopyFiles */ = {
			isa = PBXCopyFilesBuildPhase;
			buildActionMask = 2147483647;
			dstPath = "";
			dstSubfolderSpec = 6;
			files = (
				913CC1C1174A92AD00E002AD /* Shell in CopyFiles */,
			);
			runOnlyForDeploymentPostprocessing = 0;
		};
		919BA9AD16C875C40091CB1B /* CopyFiles */ = {
			isa = PBXCopyFilesBuildPhase;
			buildActionMask = 2147483647;
			dstPath = /usr/share/man/man1/;
			dstSubfolderSpec = 0;
			files = (
				919BA9B816C875C40091CB1B /* Shell.1 in CopyFiles */,
			);
			runOnlyForDeploymentPostprocessing = 1;
		};
		91E4C05D1745682800062EF5 /* CopyFiles */ = {
			isa = PBXCopyFilesBuildPhase;
			buildActionMask = 2147483647;
			dstPath = /usr/share/man/man1/;
			dstSubfolderSpec = 0;
			files = (
				91E4C0671745682800062EF5 /* ProcessMonitor.1 in CopyFiles */,
			);
			runOnlyForDeploymentPostprocessing = 1;
		};
		91E4C07717459E6100062EF5 /* CopyFiles */ = {
			isa = PBXCopyFilesBuildPhase;
			buildActionMask = 2147483647;
			dstPath = Contents/Library/LaunchServices;
			dstSubfolderSpec = 1;
			files = (
				91E4C07817459E7400062EF5 /* mmm.ProcessMonitor in CopyFiles */,
			);
			runOnlyForDeploymentPostprocessing = 0;
		};
/* End PBXCopyFilesBuildPhase section */

/* Begin PBXFileReference section */
		9103CD7116F7EE0900506F8B /* QuartzCore.framework */ = {isa = PBXFileReference; lastKnownFileType = wrapper.framework; name = QuartzCore.framework; path = System/Library/Frameworks/QuartzCore.framework; sourceTree = SDKROOT; };
		9106520A16C574160010DC76 /* MMTextView.h */ = {isa = PBXFileReference; fileEncoding = 4; lastKnownFileType = sourcecode.c.h; path = MMTextView.h; sourceTree = "<group>"; };
		9106520B16C574160010DC76 /* MMTextView.m */ = {isa = PBXFileReference; fileEncoding = 4; lastKnownFileType = sourcecode.c.objc; path = MMTextView.m; sourceTree = "<group>"; };
		910D0EEB1757B8B100FFF569 /* MMShellCommands.h */ = {isa = PBXFileReference; fileEncoding = 4; lastKnownFileType = sourcecode.c.h; path = MMShellCommands.h; sourceTree = "<group>"; };
		910D0EEC1757B8B100FFF569 /* MMShellCommands.m */ = {isa = PBXFileReference; fileEncoding = 4; lastKnownFileType = sourcecode.c.objc; path = MMShellCommands.m; sourceTree = "<group>"; };
		910D0EEF1757B9B800FFF569 /* MMTerminalProxy.h */ = {isa = PBXFileReference; lastKnownFileType = sourcecode.c.h; path = MMTerminalProxy.h; sourceTree = "<group>"; };
		912141891757E5CA00A50F6E /* MMFirstRunWindowController.h */ = {isa = PBXFileReference; fileEncoding = 4; lastKnownFileType = sourcecode.c.h; name = MMFirstRunWindowController.h; path = Reporting/MMFirstRunWindowController.h; sourceTree = "<group>"; };
		9121418A1757E5CA00A50F6E /* MMFirstRunWindowController.m */ = {isa = PBXFileReference; fileEncoding = 4; lastKnownFileType = sourcecode.c.objc; name = MMFirstRunWindowController.m; path = Reporting/MMFirstRunWindowController.m; sourceTree = "<group>"; };
		9121418B1757E5CA00A50F6E /* MMFirstRunWindowController.xib */ = {isa = PBXFileReference; fileEncoding = 4; lastKnownFileType = file.xib; name = MMFirstRunWindowController.xib; path = Reporting/MMFirstRunWindowController.xib; sourceTree = "<group>"; };
		912141A01757FA4300A50F6E /* Quincy.framework */ = {isa = PBXFileReference; lastKnownFileType = wrapper.framework; name = Quincy.framework; path = Frameworks/Quincy.framework; sourceTree = "<group>"; };
		912141A61758F61200A50F6E /* MMUtilities.h */ = {isa = PBXFileReference; fileEncoding = 4; lastKnownFileType = sourcecode.c.h; path = MMUtilities.h; sourceTree = "<group>"; };
		912141A71758F61200A50F6E /* MMUtilities.m */ = {isa = PBXFileReference; fileEncoding = 4; lastKnownFileType = sourcecode.c.objc; path = MMUtilities.m; sourceTree = "<group>"; };
		912141A91759192400A50F6E /* path-script.sh */ = {isa = PBXFileReference; lastKnownFileType = text.script.sh; path = "path-script.sh"; sourceTree = "<group>"; };
		9126054B1739C4E0001962AE /* MMCommandLineParserTests.h */ = {isa = PBXFileReference; fileEncoding = 4; lastKnownFileType = sourcecode.c.h; name = MMCommandLineParserTests.h; path = TerminalTests/MMCommandLineParserTests.h; sourceTree = "<group>"; };
		9126054C1739C4E0001962AE /* MMCommandLineParserTests.m */ = {isa = PBXFileReference; fileEncoding = 4; lastKnownFileType = sourcecode.c.objc; name = MMCommandLineParserTests.m; path = TerminalTests/MMCommandLineParserTests.m; sourceTree = "<group>"; };
		9126054F1739E1EF001962AE /* MMCommandLineArgumentsParser.h */ = {isa = PBXFileReference; fileEncoding = 4; lastKnownFileType = sourcecode.c.h; name = MMCommandLineArgumentsParser.h; path = CommandLine/MMCommandLineArgumentsParser.h; sourceTree = "<group>"; };
		912605501739E1EF001962AE /* MMCommandLineArgumentsParser.m */ = {isa = PBXFileReference; fileEncoding = 4; lastKnownFileType = sourcecode.c.objc; name = MMCommandLineArgumentsParser.m; path = CommandLine/MMCommandLineArgumentsParser.m; sourceTree = "<group>"; };
		9139E15F173B2423009FFC1E /* MMTerminalConnection.h */ = {isa = PBXFileReference; fileEncoding = 4; lastKnownFileType = sourcecode.c.h; path = MMTerminalConnection.h; sourceTree = "<group>"; };
		9139E160173B2423009FFC1E /* MMTerminalConnection.m */ = {isa = PBXFileReference; fileEncoding = 4; lastKnownFileType = sourcecode.c.objc; path = MMTerminalConnection.m; sourceTree = "<group>"; };
		913CC1C3174C31FD00E002AD /* MMANSIAction.h */ = {isa = PBXFileReference; fileEncoding = 4; lastKnownFileType = sourcecode.c.h; name = MMANSIAction.h; path = Task/MMANSIAction.h; sourceTree = "<group>"; };
		913CC1C4174C31FD00E002AD /* MMANSIAction.m */ = {isa = PBXFileReference; fileEncoding = 4; lastKnownFileType = sourcecode.c.objc; name = MMANSIAction.m; path = Task/MMANSIAction.m; sourceTree = "<group>"; };
		913CC1C7174C34E100E002AD /* MMMoveCursor.h */ = {isa = PBXFileReference; fileEncoding = 4; lastKnownFileType = sourcecode.c.h; name = MMMoveCursor.h; path = Task/MMMoveCursor.h; sourceTree = "<group>"; };
		913CC1C8174C34E100E002AD /* MMMoveCursor.m */ = {isa = PBXFileReference; fileEncoding = 4; lastKnownFileType = sourcecode.c.objc; name = MMMoveCursor.m; path = Task/MMMoveCursor.m; sourceTree = "<group>"; };
		913CC1CB174D2D8100E002AD /* MMErasingActions.h */ = {isa = PBXFileReference; fileEncoding = 4; lastKnownFileType = sourcecode.c.h; name = MMErasingActions.h; path = Task/MMErasingActions.h; sourceTree = "<group>"; };
		913CC1CC174D2D8100E002AD /* MMErasingActions.m */ = {isa = PBXFileReference; fileEncoding = 4; lastKnownFileType = sourcecode.c.objc; name = MMErasingActions.m; path = Task/MMErasingActions.m; sourceTree = "<group>"; };
		913CC1CF174D703C00E002AD /* MMLineManipulationActions.h */ = {isa = PBXFileReference; fileEncoding = 4; lastKnownFileType = sourcecode.c.h; name = MMLineManipulationActions.h; path = Task/MMLineManipulationActions.h; sourceTree = "<group>"; };
		913CC1D0174D703C00E002AD /* MMLineManipulationActions.m */ = {isa = PBXFileReference; fileEncoding = 4; lastKnownFileType = sourcecode.c.objc; name = MMLineManipulationActions.m; path = Task/MMLineManipulationActions.m; sourceTree = "<group>"; };
		913CC1D3174DA22400E002AD /* MMIndexActions.h */ = {isa = PBXFileReference; fileEncoding = 4; lastKnownFileType = sourcecode.c.h; name = MMIndexActions.h; path = Task/MMIndexActions.h; sourceTree = "<group>"; };
		913CC1D4174DA22500E002AD /* MMIndexActions.m */ = {isa = PBXFileReference; fileEncoding = 4; lastKnownFileType = sourcecode.c.objc; name = MMIndexActions.m; path = Task/MMIndexActions.m; sourceTree = "<group>"; };
		91557404175E9BFB004C2ED1 /* MMTabAction.h */ = {isa = PBXFileReference; fileEncoding = 4; lastKnownFileType = sourcecode.c.h; name = MMTabAction.h; path = Task/MMTabAction.h; sourceTree = "<group>"; };
		91557405175E9BFB004C2ED1 /* MMTabAction.m */ = {isa = PBXFileReference; fileEncoding = 4; lastKnownFileType = sourcecode.c.objc; name = MMTabAction.m; path = Task/MMTabAction.m; sourceTree = "<group>"; };
		91557CA5175A557F00CEEFC8 /* MMDisplayActions.h */ = {isa = PBXFileReference; fileEncoding = 4; lastKnownFileType = sourcecode.c.h; name = MMDisplayActions.h; path = Task/MMDisplayActions.h; sourceTree = "<group>"; };
		91557CA6175A557F00CEEFC8 /* MMDisplayActions.m */ = {isa = PBXFileReference; fileEncoding = 4; lastKnownFileType = sourcecode.c.objc; name = MMDisplayActions.m; path = Task/MMDisplayActions.m; sourceTree = "<group>"; };
		917D1C41173963C800503158 /* lexer.lm */ = {isa = PBXFileReference; fileEncoding = 4; lastKnownFileType = sourcecode.lex; name = lexer.lm; path = CommandLine/lexer.lm; sourceTree = "<group>"; };
		917D1C4317396C8000503158 /* parser.ym */ = {isa = PBXFileReference; fileEncoding = 4; lastKnownFileType = sourcecode.yacc; name = parser.ym; path = CommandLine/parser.ym; sourceTree = "<group>"; };
		917D1C45173973D600503158 /* MMParserContext.h */ = {isa = PBXFileReference; fileEncoding = 4; lastKnownFileType = sourcecode.c.h; name = MMParserContext.h; path = CommandLine/MMParserContext.h; sourceTree = "<group>"; };
		917D1C46173973D600503158 /* MMParserContext.m */ = {isa = PBXFileReference; fileEncoding = 4; lastKnownFileType = sourcecode.c.objc; name = MMParserContext.m; path = CommandLine/MMParserContext.m; sourceTree = "<group>"; };
		9186498D16D2A6190024D9BE /* MMTerminalWindowController.h */ = {isa = PBXFileReference; fileEncoding = 4; lastKnownFileType = sourcecode.c.h; path = MMTerminalWindowController.h; sourceTree = "<group>"; };
		9186498E16D2A6190024D9BE /* MMTerminalWindowController.m */ = {isa = PBXFileReference; fileEncoding = 4; lastKnownFileType = sourcecode.c.objc; path = MMTerminalWindowController.m; sourceTree = "<group>"; };
		9186498F16D2A6190024D9BE /* MMTerminalWindow.xib */ = {isa = PBXFileReference; fileEncoding = 4; lastKnownFileType = file.xib; path = MMTerminalWindow.xib; sourceTree = "<group>"; };
		9186499216D408700024D9BE /* MMTask.h */ = {isa = PBXFileReference; fileEncoding = 4; lastKnownFileType = sourcecode.c.h; path = MMTask.h; sourceTree = "<group>"; };
		9186499316D408700024D9BE /* MMTask.m */ = {isa = PBXFileReference; fileEncoding = 4; lastKnownFileType = sourcecode.c.objc; path = MMTask.m; sourceTree = "<group>"; };
		9186499716D46A490024D9BE /* MMTaskCellViewController.h */ = {isa = PBXFileReference; fileEncoding = 4; lastKnownFileType = sourcecode.c.h; path = MMTaskCellViewController.h; sourceTree = "<group>"; };
		9186499816D46A490024D9BE /* MMTaskCellViewController.m */ = {isa = PBXFileReference; fileEncoding = 4; lastKnownFileType = sourcecode.c.objc; path = MMTaskCellViewController.m; sourceTree = "<group>"; };
		9186499916D46A490024D9BE /* MMTaskCellView.xib */ = {isa = PBXFileReference; fileEncoding = 4; lastKnownFileType = file.xib; path = MMTaskCellView.xib; sourceTree = "<group>"; };
		918649B016D5A6A80024D9BE /* MMShared.h */ = {isa = PBXFileReference; fileEncoding = 4; lastKnownFileType = sourcecode.c.h; path = MMShared.h; sourceTree = "<group>"; };
		918649B116D5A6A80024D9BE /* MMShared.m */ = {isa = PBXFileReference; fileEncoding = 4; lastKnownFileType = sourcecode.c.objc; path = MMShared.m; sourceTree = "<group>"; };
		918649BB16D69A6F0024D9BE /* MMDebugMessagesWindowController.h */ = {isa = PBXFileReference; fileEncoding = 4; lastKnownFileType = sourcecode.c.h; path = MMDebugMessagesWindowController.h; sourceTree = "<group>"; };
		918649BC16D69A6F0024D9BE /* MMDebugMessagesWindowController.m */ = {isa = PBXFileReference; fileEncoding = 4; lastKnownFileType = sourcecode.c.objc; path = MMDebugMessagesWindowController.m; sourceTree = "<group>"; };
		918649BD16D69A700024D9BE /* MMDebugMessagesPanel.xib */ = {isa = PBXFileReference; fileEncoding = 4; lastKnownFileType = file.xib; path = MMDebugMessagesPanel.xib; sourceTree = "<group>"; };
		919ABB4C16FF9D7200BB7108 /* en */ = {isa = PBXFileReference; lastKnownFileType = text.plist.strings; name = en; path = TerminalTests/en.lproj/InfoPlist.strings; sourceTree = "<group>"; };
		919ABB4E16FFA22900BB7108 /* MMTaskTests.h */ = {isa = PBXFileReference; fileEncoding = 4; lastKnownFileType = sourcecode.c.h; name = MMTaskTests.h; path = TerminalTests/MMTaskTests.h; sourceTree = "<group>"; };
		919ABB4F16FFA22900BB7108 /* MMTaskTests.m */ = {isa = PBXFileReference; fileEncoding = 4; lastKnownFileType = sourcecode.c.objc; name = MMTaskTests.m; path = TerminalTests/MMTaskTests.m; sourceTree = "<group>"; };
		919BA9AF16C875C40091CB1B /* Shell */ = {isa = PBXFileReference; explicitFileType = "compiled.mach-o.executable"; includeInIndex = 0; path = Shell; sourceTree = BUILT_PRODUCTS_DIR; };
		919BA9B016C875C40091CB1B /* Foundation.framework */ = {isa = PBXFileReference; lastKnownFileType = wrapper.framework; name = Foundation.framework; path = System/Library/Frameworks/Foundation.framework; sourceTree = SDKROOT; };
		919BA9B316C875C40091CB1B /* main.m */ = {isa = PBXFileReference; lastKnownFileType = sourcecode.c.objc; path = main.m; sourceTree = "<group>"; };
		919BA9B616C875C40091CB1B /* Shell-Prefix.pch */ = {isa = PBXFileReference; lastKnownFileType = sourcecode.c.h; path = "Shell-Prefix.pch"; sourceTree = "<group>"; };
		919BA9B716C875C40091CB1B /* Shell.1 */ = {isa = PBXFileReference; lastKnownFileType = text.man; path = Shell.1; sourceTree = "<group>"; };
		919BA9BE16C87E4F0091CB1B /* MMShellMain.h */ = {isa = PBXFileReference; fileEncoding = 4; lastKnownFileType = sourcecode.c.h; path = MMShellMain.h; sourceTree = "<group>"; };
		919BA9BF16C87E4F0091CB1B /* MMShellMain.m */ = {isa = PBXFileReference; fileEncoding = 4; lastKnownFileType = sourcecode.c.objc; path = MMShellMain.m; sourceTree = "<group>"; };
		91B8050D16FF9BC400E6D9DF /* ANSIEscapeSequencesTests.h */ = {isa = PBXFileReference; fileEncoding = 4; lastKnownFileType = sourcecode.c.h; name = ANSIEscapeSequencesTests.h; path = TerminalTests/ANSIEscapeSequencesTests.h; sourceTree = SOURCE_ROOT; };
		91B8050E16FF9BCD00E6D9DF /* ANSIEscapeSequencesTests.m */ = {isa = PBXFileReference; fileEncoding = 4; lastKnownFileType = sourcecode.c.objc; name = ANSIEscapeSequencesTests.m; path = TerminalTests/ANSIEscapeSequencesTests.m; sourceTree = SOURCE_ROOT; };
		91B8051016FF9BD900E6D9DF /* TerminalTests-Info.plist */ = {isa = PBXFileReference; fileEncoding = 4; lastKnownFileType = text.plist.xml; name = "TerminalTests-Info.plist"; path = "TerminalTests/TerminalTests-Info.plist"; sourceTree = SOURCE_ROOT; };
		91B8051116FF9BD900E6D9DF /* TerminalTests-Prefix.pch */ = {isa = PBXFileReference; fileEncoding = 4; lastKnownFileType = sourcecode.c.h; name = "TerminalTests-Prefix.pch"; path = "TerminalTests/TerminalTests-Prefix.pch"; sourceTree = SOURCE_ROOT; };
		91C7D982173ECE0900875974 /* MMCommandsTextView.h */ = {isa = PBXFileReference; fileEncoding = 4; lastKnownFileType = sourcecode.c.h; path = MMCommandsTextView.h; sourceTree = "<group>"; };
		91C7D983173ECE0900875974 /* MMCommandsTextView.m */ = {isa = PBXFileReference; fileEncoding = 4; lastKnownFileType = sourcecode.c.objc; path = MMCommandsTextView.m; sourceTree = "<group>"; };
		91C7D985173F250300875974 /* MMCompletionEngine.h */ = {isa = PBXFileReference; fileEncoding = 4; lastKnownFileType = sourcecode.c.h; name = MMCompletionEngine.h; path = CommandLine/MMCompletionEngine.h; sourceTree = "<group>"; };
		91C7D986173F250300875974 /* MMCompletionEngine.m */ = {isa = PBXFileReference; fileEncoding = 4; lastKnownFileType = sourcecode.c.objc; name = MMCompletionEngine.m; path = CommandLine/MMCompletionEngine.m; sourceTree = "<group>"; };
		91C7D9881740575700875974 /* libiconv.dylib */ = {isa = PBXFileReference; lastKnownFileType = "compiled.mach-o.dylib"; name = libiconv.dylib; path = usr/lib/libiconv.dylib; sourceTree = SDKROOT; };
		91E4A2681753F9EF00EFDDBE /* MMCommandGroup.h */ = {isa = PBXFileReference; fileEncoding = 4; lastKnownFileType = sourcecode.c.h; name = MMCommandGroup.h; path = ../Terminal/CommandLine/MMCommandGroup.h; sourceTree = "<group>"; };
		91E4A2691753F9EF00EFDDBE /* MMCommandGroup.m */ = {isa = PBXFileReference; fileEncoding = 4; lastKnownFileType = sourcecode.c.objc; name = MMCommandGroup.m; path = ../Terminal/CommandLine/MMCommandGroup.m; sourceTree = "<group>"; };
		91E4C02B1742C65400062EF5 /* Icon.icns */ = {isa = PBXFileReference; lastKnownFileType = image.icns; path = Icon.icns; sourceTree = "<group>"; };
		91E4C05F1745682800062EF5 /* mmm.ProcessMonitor */ = {isa = PBXFileReference; explicitFileType = "compiled.mach-o.executable"; includeInIndex = 0; path = mmm.ProcessMonitor; sourceTree = BUILT_PRODUCTS_DIR; };
		91E4C0621745682800062EF5 /* main.m */ = {isa = PBXFileReference; lastKnownFileType = sourcecode.c.objc; path = main.m; sourceTree = "<group>"; };
		91E4C0651745682800062EF5 /* ProcessMonitor-Prefix.pch */ = {isa = PBXFileReference; lastKnownFileType = sourcecode.c.h; path = "ProcessMonitor-Prefix.pch"; sourceTree = "<group>"; };
		91E4C0661745682800062EF5 /* ProcessMonitor.1 */ = {isa = PBXFileReference; lastKnownFileType = text.man; path = ProcessMonitor.1; sourceTree = "<group>"; };
		91E4C06B1745685000062EF5 /* MMProcessMonitorMain.h */ = {isa = PBXFileReference; fileEncoding = 4; lastKnownFileType = sourcecode.c.h; path = MMProcessMonitorMain.h; sourceTree = "<group>"; };
		91E4C06C1745685000062EF5 /* MMProcessMonitorMain.m */ = {isa = PBXFileReference; fileEncoding = 4; lastKnownFileType = sourcecode.c.objc; path = MMProcessMonitorMain.m; sourceTree = "<group>"; };
		91E4C07017456FE600062EF5 /* Security.framework */ = {isa = PBXFileReference; lastKnownFileType = wrapper.framework; name = Security.framework; path = System/Library/Frameworks/Security.framework; sourceTree = SDKROOT; };
		91E4C0731745712200062EF5 /* ServiceManagement.framework */ = {isa = PBXFileReference; lastKnownFileType = wrapper.framework; name = ServiceManagement.framework; path = System/Library/Frameworks/ServiceManagement.framework; sourceTree = SDKROOT; };
		91E4C0761745723100062EF5 /* ProcessMonitor-Info.plist */ = {isa = PBXFileReference; fileEncoding = 4; lastKnownFileType = text.plist.xml; path = "ProcessMonitor-Info.plist"; sourceTree = "<group>"; };
		91E4C0791745A10000062EF5 /* ProcessMonitor-Launchd.plist */ = {isa = PBXFileReference; fileEncoding = 4; lastKnownFileType = text.plist.xml; path = "ProcessMonitor-Launchd.plist"; sourceTree = "<group>"; };
		91F1747016ED0CF0002E2594 /* TerminalTests.octest */ = {isa = PBXFileReference; explicitFileType = wrapper.cfbundle; includeInIndex = 0; path = TerminalTests.octest; sourceTree = BUILT_PRODUCTS_DIR; };
		91F1747116ED0CF0002E2594 /* SenTestingKit.framework */ = {isa = PBXFileReference; lastKnownFileType = wrapper.framework; name = SenTestingKit.framework; path = Library/Frameworks/SenTestingKit.framework; sourceTree = DEVELOPER_DIR; };
		91F4EEBC16B8D63D00F65E91 /* TermDebug.app */ = {isa = PBXFileReference; explicitFileType = wrapper.application; includeInIndex = 0; path = TermDebug.app; sourceTree = BUILT_PRODUCTS_DIR; };
		91F4EEBF16B8D63D00F65E91 /* Cocoa.framework */ = {isa = PBXFileReference; lastKnownFileType = wrapper.framework; name = Cocoa.framework; path = System/Library/Frameworks/Cocoa.framework; sourceTree = SDKROOT; };
		91F4EEC216B8D63D00F65E91 /* AppKit.framework */ = {isa = PBXFileReference; lastKnownFileType = wrapper.framework; name = AppKit.framework; path = System/Library/Frameworks/AppKit.framework; sourceTree = SDKROOT; };
		91F4EEC316B8D63D00F65E91 /* CoreData.framework */ = {isa = PBXFileReference; lastKnownFileType = wrapper.framework; name = CoreData.framework; path = System/Library/Frameworks/CoreData.framework; sourceTree = SDKROOT; };
		91F4EEC416B8D63D00F65E91 /* Foundation.framework */ = {isa = PBXFileReference; lastKnownFileType = wrapper.framework; name = Foundation.framework; path = System/Library/Frameworks/Foundation.framework; sourceTree = SDKROOT; };
		91F4EEC716B8D63D00F65E91 /* Terminal-Info.plist */ = {isa = PBXFileReference; lastKnownFileType = text.plist.xml; path = "Terminal-Info.plist"; sourceTree = "<group>"; };
		91F4EEC916B8D63D00F65E91 /* en */ = {isa = PBXFileReference; lastKnownFileType = text.plist.strings; name = en; path = en.lproj/InfoPlist.strings; sourceTree = "<group>"; };
		91F4EECB16B8D63D00F65E91 /* main.m */ = {isa = PBXFileReference; lastKnownFileType = sourcecode.c.objc; path = main.m; sourceTree = "<group>"; };
		91F4EECD16B8D63D00F65E91 /* Terminal-Prefix.pch */ = {isa = PBXFileReference; lastKnownFileType = sourcecode.c.h; path = "Terminal-Prefix.pch"; sourceTree = "<group>"; };
		91F4EECF16B8D63D00F65E91 /* en */ = {isa = PBXFileReference; lastKnownFileType = text.rtf; name = en; path = en.lproj/Credits.rtf; sourceTree = "<group>"; };
		91F4EED116B8D63D00F65E91 /* MMAppDelegate.h */ = {isa = PBXFileReference; lastKnownFileType = sourcecode.c.h; path = MMAppDelegate.h; sourceTree = "<group>"; };
		91F4EED216B8D63D00F65E91 /* MMAppDelegate.m */ = {isa = PBXFileReference; lastKnownFileType = sourcecode.c.objc; path = MMAppDelegate.m; sourceTree = "<group>"; };
		91F4EED516B8D63D00F65E91 /* en */ = {isa = PBXFileReference; lastKnownFileType = file.xib; name = en; path = en.lproj/MMMainMenu.xib; sourceTree = "<group>"; };
/* End PBXFileReference section */

/* Begin PBXFrameworksBuildPhase section */
		919BA9AC16C875C40091CB1B /* Frameworks */ = {
			isa = PBXFrameworksBuildPhase;
			buildActionMask = 2147483647;
			files = (
				919BA9B116C875C40091CB1B /* Foundation.framework in Frameworks */,
			);
			runOnlyForDeploymentPostprocessing = 0;
		};
		91E4C05C1745682800062EF5 /* Frameworks */ = {
			isa = PBXFrameworksBuildPhase;
			buildActionMask = 2147483647;
			files = (
				91E4C0601745682800062EF5 /* Foundation.framework in Frameworks */,
			);
			runOnlyForDeploymentPostprocessing = 0;
		};
		91F1746C16ED0CF0002E2594 /* Frameworks */ = {
			isa = PBXFrameworksBuildPhase;
			buildActionMask = 2147483647;
			files = (
				91F1747216ED0CF0002E2594 /* SenTestingKit.framework in Frameworks */,
				91F1747316ED0CF0002E2594 /* Cocoa.framework in Frameworks */,
			);
			runOnlyForDeploymentPostprocessing = 0;
		};
		91F4EEB916B8D63D00F65E91 /* Frameworks */ = {
			isa = PBXFrameworksBuildPhase;
			buildActionMask = 2147483647;
			files = (
				91E4C0741745712200062EF5 /* ServiceManagement.framework in Frameworks */,
				91E4C07217456FF200062EF5 /* Security.framework in Frameworks */,
				91C7D98D1740793800875974 /* libiconv.dylib in Frameworks */,
				9103CD7216F7EE0900506F8B /* QuartzCore.framework in Frameworks */,
				91F4EEC016B8D63D00F65E91 /* Cocoa.framework in Frameworks */,
				912141A21757FF7900A50F6E /* Quincy.framework in Frameworks */,
			);
			runOnlyForDeploymentPostprocessing = 0;
		};
/* End PBXFrameworksBuildPhase section */

/* Begin PBXGroup section */
		912141881757E5A700A50F6E /* Reporting */ = {
			isa = PBXGroup;
			children = (
				912141891757E5CA00A50F6E /* MMFirstRunWindowController.h */,
				9121418A1757E5CA00A50F6E /* MMFirstRunWindowController.m */,
				9121418B1757E5CA00A50F6E /* MMFirstRunWindowController.xib */,
			);
			name = Reporting;
			sourceTree = "<group>";
		};
		913CC1C2174C310300E002AD /* Task and xterm simulation */ = {
			isa = PBXGroup;
			children = (
				9186499216D408700024D9BE /* MMTask.h */,
				9186499316D408700024D9BE /* MMTask.m */,
				913CC1C3174C31FD00E002AD /* MMANSIAction.h */,
				913CC1C4174C31FD00E002AD /* MMANSIAction.m */,
				913CC1CB174D2D8100E002AD /* MMErasingActions.h */,
				913CC1CC174D2D8100E002AD /* MMErasingActions.m */,
				913CC1C7174C34E100E002AD /* MMMoveCursor.h */,
				913CC1C8174C34E100E002AD /* MMMoveCursor.m */,
				913CC1CF174D703C00E002AD /* MMLineManipulationActions.h */,
				913CC1D0174D703C00E002AD /* MMLineManipulationActions.m */,
				913CC1D3174DA22400E002AD /* MMIndexActions.h */,
				913CC1D4174DA22500E002AD /* MMIndexActions.m */,
				91557CA5175A557F00CEEFC8 /* MMDisplayActions.h */,
				91557CA6175A557F00CEEFC8 /* MMDisplayActions.m */,
				91557404175E9BFB004C2ED1 /* MMTabAction.h */,
				91557405175E9BFB004C2ED1 /* MMTabAction.m */,
			);
			name = "Task and xterm simulation";
			sourceTree = "<group>";
		};
		917D1C3E17385FBE00503158 /* Command line input */ = {
			isa = PBXGroup;
			children = (
				917D1C41173963C800503158 /* lexer.lm */,
				917D1C4317396C8000503158 /* parser.ym */,
				917D1C45173973D600503158 /* MMParserContext.h */,
				917D1C46173973D600503158 /* MMParserContext.m */,
				9126054F1739E1EF001962AE /* MMCommandLineArgumentsParser.h */,
				912605501739E1EF001962AE /* MMCommandLineArgumentsParser.m */,
				91C7D985173F250300875974 /* MMCompletionEngine.h */,
				91C7D986173F250300875974 /* MMCompletionEngine.m */,
			);
			name = "Command line input";
			sourceTree = "<group>";
		};
		9186499C16D46A5E0024D9BE /* Terminal window */ = {
			isa = PBXGroup;
			children = (
				9186499716D46A490024D9BE /* MMTaskCellViewController.h */,
				9186499816D46A490024D9BE /* MMTaskCellViewController.m */,
				9186499916D46A490024D9BE /* MMTaskCellView.xib */,
				9186498D16D2A6190024D9BE /* MMTerminalWindowController.h */,
				9186498E16D2A6190024D9BE /* MMTerminalWindowController.m */,
				9186498F16D2A6190024D9BE /* MMTerminalWindow.xib */,
				91C7D982173ECE0900875974 /* MMCommandsTextView.h */,
				91C7D983173ECE0900875974 /* MMCommandsTextView.m */,
			);
			name = "Terminal window";
			sourceTree = "<group>";
		};
		918649B716D5D16F0024D9BE /* Shared */ = {
			isa = PBXGroup;
			children = (
				91E4A2681753F9EF00EFDDBE /* MMCommandGroup.h */,
				91E4A2691753F9EF00EFDDBE /* MMCommandGroup.m */,
				918649B016D5A6A80024D9BE /* MMShared.h */,
				918649B116D5A6A80024D9BE /* MMShared.m */,
				910D0EEB1757B8B100FFF569 /* MMShellCommands.h */,
				910D0EEC1757B8B100FFF569 /* MMShellCommands.m */,
				910D0EEF1757B9B800FFF569 /* MMTerminalProxy.h */,
				912141A61758F61200A50F6E /* MMUtilities.h */,
				912141A71758F61200A50F6E /* MMUtilities.m */,
			);
			name = Shared;
			path = MMShared;
			sourceTree = "<group>";
		};
		919BA9B216C875C40091CB1B /* Shell */ = {
			isa = PBXGroup;
			children = (
				919BA9B316C875C40091CB1B /* main.m */,
				919BA9BE16C87E4F0091CB1B /* MMShellMain.h */,
				919BA9BF16C87E4F0091CB1B /* MMShellMain.m */,
				919BA9B716C875C40091CB1B /* Shell.1 */,
				919BA9B516C875C40091CB1B /* Supporting Files */,
			);
			path = Shell;
			sourceTree = "<group>";
		};
		919BA9B516C875C40091CB1B /* Supporting Files */ = {
			isa = PBXGroup;
			children = (
				919BA9B616C875C40091CB1B /* Shell-Prefix.pch */,
			);
			name = "Supporting Files";
			sourceTree = "<group>";
		};
		91E4C0611745682800062EF5 /* ProcessMonitor */ = {
			isa = PBXGroup;
			children = (
				91E4C0761745723100062EF5 /* ProcessMonitor-Info.plist */,
				91E4C0791745A10000062EF5 /* ProcessMonitor-Launchd.plist */,
				91E4C0621745682800062EF5 /* main.m */,
				91E4C0661745682800062EF5 /* ProcessMonitor.1 */,
				91E4C0641745682800062EF5 /* Supporting Files */,
				91E4C06B1745685000062EF5 /* MMProcessMonitorMain.h */,
				91E4C06C1745685000062EF5 /* MMProcessMonitorMain.m */,
			);
			path = ProcessMonitor;
			sourceTree = "<group>";
		};
		91E4C0641745682800062EF5 /* Supporting Files */ = {
			isa = PBXGroup;
			children = (
				91E4C0651745682800062EF5 /* ProcessMonitor-Prefix.pch */,
			);
			name = "Supporting Files";
			sourceTree = "<group>";
		};
		91F1747416ED0CF0002E2594 /* TerminalTests */ = {
			isa = PBXGroup;
			children = (
				91B8050D16FF9BC400E6D9DF /* ANSIEscapeSequencesTests.h */,
				91B8050E16FF9BCD00E6D9DF /* ANSIEscapeSequencesTests.m */,
				91F1747516ED0CF0002E2594 /* Supporting Files */,
				919ABB4E16FFA22900BB7108 /* MMTaskTests.h */,
				919ABB4F16FFA22900BB7108 /* MMTaskTests.m */,
				9126054B1739C4E0001962AE /* MMCommandLineParserTests.h */,
				9126054C1739C4E0001962AE /* MMCommandLineParserTests.m */,
			);
			name = TerminalTests;
			sourceTree = "<group>";
		};
		91F1747516ED0CF0002E2594 /* Supporting Files */ = {
			isa = PBXGroup;
			children = (
				91B8051016FF9BD900E6D9DF /* TerminalTests-Info.plist */,
				919ABB4B16FF9D7200BB7108 /* InfoPlist.strings */,
				91B8051116FF9BD900E6D9DF /* TerminalTests-Prefix.pch */,
			);
			name = "Supporting Files";
			sourceTree = "<group>";
		};
		91F4EEB316B8D63C00F65E91 = {
			isa = PBXGroup;
			children = (
				91E4C02B1742C65400062EF5 /* Icon.icns */,
				91F4EEC516B8D63D00F65E91 /* Terminal */,
				919BA9B216C875C40091CB1B /* Shell */,
				91F1747416ED0CF0002E2594 /* TerminalTests */,
				91E4C0611745682800062EF5 /* ProcessMonitor */,
				91F4EEBE16B8D63D00F65E91 /* Frameworks */,
				91F4EEBD16B8D63D00F65E91 /* Products */,
				918649B716D5D16F0024D9BE /* Shared */,
			);
			sourceTree = "<group>";
		};
		91F4EEBD16B8D63D00F65E91 /* Products */ = {
			isa = PBXGroup;
			children = (
				91F4EEBC16B8D63D00F65E91 /* TermDebug.app */,
				919BA9AF16C875C40091CB1B /* Shell */,
				91F1747016ED0CF0002E2594 /* TerminalTests.octest */,
				91E4C05F1745682800062EF5 /* mmm.ProcessMonitor */,
			);
			name = Products;
			sourceTree = "<group>";
		};
		91F4EEBE16B8D63D00F65E91 /* Frameworks */ = {
			isa = PBXGroup;
			children = (
				912141A01757FA4300A50F6E /* Quincy.framework */,
				91C7D9881740575700875974 /* libiconv.dylib */,
				91E4C07017456FE600062EF5 /* Security.framework */,
				91E4C0731745712200062EF5 /* ServiceManagement.framework */,
				9103CD7116F7EE0900506F8B /* QuartzCore.framework */,
				91F4EEBF16B8D63D00F65E91 /* Cocoa.framework */,
				919BA9B016C875C40091CB1B /* Foundation.framework */,
				91F1747116ED0CF0002E2594 /* SenTestingKit.framework */,
				91F4EEC116B8D63D00F65E91 /* Other Frameworks */,
			);
			name = Frameworks;
			sourceTree = "<group>";
		};
		91F4EEC116B8D63D00F65E91 /* Other Frameworks */ = {
			isa = PBXGroup;
			children = (
				91F4EEC216B8D63D00F65E91 /* AppKit.framework */,
				91F4EEC316B8D63D00F65E91 /* CoreData.framework */,
				91F4EEC416B8D63D00F65E91 /* Foundation.framework */,
			);
			name = "Other Frameworks";
			sourceTree = "<group>";
		};
		91F4EEC516B8D63D00F65E91 /* Terminal */ = {
			isa = PBXGroup;
			children = (
				912141881757E5A700A50F6E /* Reporting */,
				913CC1C2174C310300E002AD /* Task and xterm simulation */,
				917D1C3E17385FBE00503158 /* Command line input */,
				9186499C16D46A5E0024D9BE /* Terminal window */,
				91F4EED116B8D63D00F65E91 /* MMAppDelegate.h */,
				91F4EED216B8D63D00F65E91 /* MMAppDelegate.m */,
				9106520A16C574160010DC76 /* MMTextView.h */,
				9106520B16C574160010DC76 /* MMTextView.m */,
				91F4EED416B8D63D00F65E91 /* MMMainMenu.xib */,
				91F4EEC616B8D63D00F65E91 /* Supporting Files */,
				918649BB16D69A6F0024D9BE /* MMDebugMessagesWindowController.h */,
				918649BC16D69A6F0024D9BE /* MMDebugMessagesWindowController.m */,
				918649BD16D69A700024D9BE /* MMDebugMessagesPanel.xib */,
				9139E15F173B2423009FFC1E /* MMTerminalConnection.h */,
				9139E160173B2423009FFC1E /* MMTerminalConnection.m */,
			);
			path = Terminal;
			sourceTree = "<group>";
		};
		91F4EEC616B8D63D00F65E91 /* Supporting Files */ = {
			isa = PBXGroup;
			children = (
				91F4EEC716B8D63D00F65E91 /* Terminal-Info.plist */,
				91F4EEC816B8D63D00F65E91 /* InfoPlist.strings */,
				91F4EECB16B8D63D00F65E91 /* main.m */,
				91F4EECD16B8D63D00F65E91 /* Terminal-Prefix.pch */,
				91F4EECE16B8D63D00F65E91 /* Credits.rtf */,
				912141A91759192400A50F6E /* path-script.sh */,
			);
			name = "Supporting Files";
			sourceTree = "<group>";
		};
/* End PBXGroup section */

/* Begin PBXNativeTarget section */
		919BA9AE16C875C40091CB1B /* Shell */ = {
			isa = PBXNativeTarget;
			buildConfigurationList = 919BA9BB16C875C40091CB1B /* Build configuration list for PBXNativeTarget "Shell" */;
			buildPhases = (
				919BA9AB16C875C40091CB1B /* Sources */,
				919BA9AC16C875C40091CB1B /* Frameworks */,
				919BA9AD16C875C40091CB1B /* CopyFiles */,
			);
			buildRules = (
			);
			dependencies = (
			);
			name = Shell;
			productName = Shell;
			productReference = 919BA9AF16C875C40091CB1B /* Shell */;
			productType = "com.apple.product-type.tool";
		};
		91E4C05E1745682800062EF5 /* ProcessMonitor */ = {
			isa = PBXNativeTarget;
			buildConfigurationList = 91E4C06A1745682800062EF5 /* Build configuration list for PBXNativeTarget "ProcessMonitor" */;
			buildPhases = (
				91E4C05B1745682800062EF5 /* Sources */,
				91E4C05C1745682800062EF5 /* Frameworks */,
				91E4C05D1745682800062EF5 /* CopyFiles */,
			);
			buildRules = (
			);
			dependencies = (
			);
			name = ProcessMonitor;
			productName = ProcessMonitor;
			productReference = 91E4C05F1745682800062EF5 /* mmm.ProcessMonitor */;
			productType = "com.apple.product-type.tool";
		};
		91F1746F16ED0CF0002E2594 /* TerminalTests */ = {
			isa = PBXNativeTarget;
			buildConfigurationList = 91F1748016ED0CF0002E2594 /* Build configuration list for PBXNativeTarget "TerminalTests" */;
			buildPhases = (
				91F1746B16ED0CF0002E2594 /* Sources */,
				91F1746C16ED0CF0002E2594 /* Frameworks */,
				91F1746D16ED0CF0002E2594 /* Resources */,
				91F1746E16ED0CF0002E2594 /* ShellScript */,
			);
			buildRules = (
			);
			dependencies = (
				91F1748216ED0F31002E2594 /* PBXTargetDependency */,
			);
			name = TerminalTests;
			productName = TerminalTests;
			productReference = 91F1747016ED0CF0002E2594 /* TerminalTests.octest */;
			productType = "com.apple.product-type.bundle";
		};
		91F4EEBB16B8D63D00F65E91 /* Term */ = {
			isa = PBXNativeTarget;
			buildConfigurationList = 91F4EED916B8D63D00F65E91 /* Build configuration list for PBXNativeTarget "Term" */;
			buildPhases = (
				91F4EEB816B8D63D00F65E91 /* Sources */,
				91F4EEB916B8D63D00F65E91 /* Frameworks */,
				91F4EEBA16B8D63D00F65E91 /* Resources */,
				91E4C07717459E6100062EF5 /* CopyFiles */,
				913CC1C0174A929F00E002AD /* CopyFiles */,
				912141A41757FFFF00A50F6E /* CopyFiles */,
			);
			buildRules = (
			);
			dependencies = (
				91E4C06F174569A000062EF5 /* PBXTargetDependency */,
				919BA9BD16C876260091CB1B /* PBXTargetDependency */,
			);
			name = Term;
			productName = Terminal;
			productReference = 91F4EEBC16B8D63D00F65E91 /* TermDebug.app */;
			productType = "com.apple.product-type.application";
		};
/* End PBXNativeTarget section */

/* Begin PBXProject section */
		91F4EEB416B8D63C00F65E91 /* Project object */ = {
			isa = PBXProject;
			attributes = {
				CLASSPREFIX = MM;
				LastUpgradeCheck = 0460;
				ORGANIZATIONNAME = "Mehdi Mulani";
			};
			buildConfigurationList = 91F4EEB716B8D63C00F65E91 /* Build configuration list for PBXProject "Terminal" */;
			compatibilityVersion = "Xcode 3.2";
			developmentRegion = English;
			hasScannedForEncodings = 0;
			knownRegions = (
				en,
			);
			mainGroup = 91F4EEB316B8D63C00F65E91;
			productRefGroup = 91F4EEBD16B8D63D00F65E91 /* Products */;
			projectDirPath = "";
			projectRoot = "";
			targets = (
				91F4EEBB16B8D63D00F65E91 /* Term */,
				919BA9AE16C875C40091CB1B /* Shell */,
				91F1746F16ED0CF0002E2594 /* TerminalTests */,
				91E4C05E1745682800062EF5 /* ProcessMonitor */,
			);
		};
/* End PBXProject section */

/* Begin PBXResourcesBuildPhase section */
		91F1746D16ED0CF0002E2594 /* Resources */ = {
			isa = PBXResourcesBuildPhase;
			buildActionMask = 2147483647;
			files = (
				91B8051216FF9BDA00E6D9DF /* TerminalTests-Info.plist in Resources */,
				919ABB4D16FF9D7200BB7108 /* InfoPlist.strings in Resources */,
			);
			runOnlyForDeploymentPostprocessing = 0;
		};
		91F4EEBA16B8D63D00F65E91 /* Resources */ = {
			isa = PBXResourcesBuildPhase;
			buildActionMask = 2147483647;
			files = (
				912141AA175919C000A50F6E /* path-script.sh in Resources */,
				91F4EECA16B8D63D00F65E91 /* InfoPlist.strings in Resources */,
				91F4EED016B8D63D00F65E91 /* Credits.rtf in Resources */,
				91F4EED616B8D63D00F65E91 /* MMMainMenu.xib in Resources */,
				9186499116D2A6190024D9BE /* MMTerminalWindow.xib in Resources */,
				9186499B16D46A490024D9BE /* MMTaskCellView.xib in Resources */,
				918649BF16D69A700024D9BE /* MMDebugMessagesPanel.xib in Resources */,
				91E4C02C1742C65400062EF5 /* Icon.icns in Resources */,
				9121418D1757E5CA00A50F6E /* MMFirstRunWindowController.xib in Resources */,
			);
			runOnlyForDeploymentPostprocessing = 0;
		};
/* End PBXResourcesBuildPhase section */

/* Begin PBXShellScriptBuildPhase section */
		91F1746E16ED0CF0002E2594 /* ShellScript */ = {
			isa = PBXShellScriptBuildPhase;
			buildActionMask = 2147483647;
			files = (
			);
			inputPaths = (
			);
			outputPaths = (
			);
			runOnlyForDeploymentPostprocessing = 0;
			shellPath = /bin/sh;
			shellScript = "# Run the unit tests in this test bundle.\n\"${SYSTEM_DEVELOPER_DIR}/Tools/RunUnitTests\"\n";
		};
/* End PBXShellScriptBuildPhase section */

/* Begin PBXSourcesBuildPhase section */
		919BA9AB16C875C40091CB1B /* Sources */ = {
			isa = PBXSourcesBuildPhase;
			buildActionMask = 2147483647;
			files = (
				91E4A26B1754371400EFDDBE /* MMCommandGroup.m in Sources */,
				918649BA16D5D1BD0024D9BE /* MMShared.m in Sources */,
				919BA9B416C875C40091CB1B /* main.m in Sources */,
				919BA9C016C87E4F0091CB1B /* MMShellMain.m in Sources */,
				910D0EEE1757B8B100FFF569 /* MMShellCommands.m in Sources */,
			);
			runOnlyForDeploymentPostprocessing = 0;
		};
		91E4C05B1745682800062EF5 /* Sources */ = {
			isa = PBXSourcesBuildPhase;
			buildActionMask = 2147483647;
			files = (
				91E4C07A1745E00900062EF5 /* MMShared.m in Sources */,
				91E4C0631745682800062EF5 /* main.m in Sources */,
				91E4C06D1745685000062EF5 /* MMProcessMonitorMain.m in Sources */,
			);
			runOnlyForDeploymentPostprocessing = 0;
		};
		91F1746B16ED0CF0002E2594 /* Sources */ = {
			isa = PBXSourcesBuildPhase;
			buildActionMask = 2147483647;
			files = (
				9126054E1739C5BC001962AE /* MMCommandLineParserTests.m in Sources */,
				91B8050B16FBC70B00E6D9DF /* MMShellMain.m in Sources */,
				91B8050F16FF9BCD00E6D9DF /* ANSIEscapeSequencesTests.m in Sources */,
				919ABB5016FFA22900BB7108 /* MMTaskTests.m in Sources */,
			);
			runOnlyForDeploymentPostprocessing = 0;
		};
		91F4EEB816B8D63D00F65E91 /* Sources */ = {
			isa = PBXSourcesBuildPhase;
			buildActionMask = 2147483647;
			files = (
				918649B916D5D19E0024D9BE /* MMShared.m in Sources */,
				91F4EECC16B8D63D00F65E91 /* main.m in Sources */,
				91F4EED316B8D63D00F65E91 /* MMAppDelegate.m in Sources */,
				9106520C16C574160010DC76 /* MMTextView.m in Sources */,
				9186499016D2A6190024D9BE /* MMTerminalWindowController.m in Sources */,
				9186499416D408700024D9BE /* MMTask.m in Sources */,
				9186499A16D46A490024D9BE /* MMTaskCellViewController.m in Sources */,
				918649BE16D69A700024D9BE /* MMDebugMessagesWindowController.m in Sources */,
				917D1C42173963C800503158 /* lexer.lm in Sources */,
				917D1C4417396C8000503158 /* parser.ym in Sources */,
				917D1C47173973D600503158 /* MMParserContext.m in Sources */,
				912605511739E1EF001962AE /* MMCommandLineArgumentsParser.m in Sources */,
				9139E161173B2423009FFC1E /* MMTerminalConnection.m in Sources */,
				91C7D984173ECE0900875974 /* MMCommandsTextView.m in Sources */,
				91C7D987173F250300875974 /* MMCompletionEngine.m in Sources */,
				913CC1C5174C31FD00E002AD /* MMANSIAction.m in Sources */,
				913CC1C9174C34E100E002AD /* MMMoveCursor.m in Sources */,
				913CC1CD174D2D8100E002AD /* MMErasingActions.m in Sources */,
				913CC1D1174D703D00E002AD /* MMLineManipulationActions.m in Sources */,
				913CC1D5174DA22500E002AD /* MMIndexActions.m in Sources */,
				91E4A26A1753F9EF00EFDDBE /* MMCommandGroup.m in Sources */,
				910D0EED1757B8B100FFF569 /* MMShellCommands.m in Sources */,
				9121418C1757E5CA00A50F6E /* MMFirstRunWindowController.m in Sources */,
				912141A81758F61200A50F6E /* MMUtilities.m in Sources */,
				91557CA7175A557F00CEEFC8 /* MMDisplayActions.m in Sources */,
				91557406175E9BFB004C2ED1 /* MMTabAction.m in Sources */,
			);
			runOnlyForDeploymentPostprocessing = 0;
		};
/* End PBXSourcesBuildPhase section */

/* Begin PBXTargetDependency section */
		919BA9BD16C876260091CB1B /* PBXTargetDependency */ = {
			isa = PBXTargetDependency;
			target = 919BA9AE16C875C40091CB1B /* Shell */;
			targetProxy = 919BA9BC16C876260091CB1B /* PBXContainerItemProxy */;
		};
		91E4C06F174569A000062EF5 /* PBXTargetDependency */ = {
			isa = PBXTargetDependency;
			target = 91E4C05E1745682800062EF5 /* ProcessMonitor */;
			targetProxy = 91E4C06E174569A000062EF5 /* PBXContainerItemProxy */;
		};
		91F1748216ED0F31002E2594 /* PBXTargetDependency */ = {
			isa = PBXTargetDependency;
			target = 91F4EEBB16B8D63D00F65E91 /* Term */;
			targetProxy = 91F1748116ED0F31002E2594 /* PBXContainerItemProxy */;
		};
/* End PBXTargetDependency section */

/* Begin PBXVariantGroup section */
		919ABB4B16FF9D7200BB7108 /* InfoPlist.strings */ = {
			isa = PBXVariantGroup;
			children = (
				919ABB4C16FF9D7200BB7108 /* en */,
			);
			name = InfoPlist.strings;
			sourceTree = "<group>";
		};
		91F4EEC816B8D63D00F65E91 /* InfoPlist.strings */ = {
			isa = PBXVariantGroup;
			children = (
				91F4EEC916B8D63D00F65E91 /* en */,
			);
			name = InfoPlist.strings;
			sourceTree = "<group>";
		};
		91F4EECE16B8D63D00F65E91 /* Credits.rtf */ = {
			isa = PBXVariantGroup;
			children = (
				91F4EECF16B8D63D00F65E91 /* en */,
			);
			name = Credits.rtf;
			sourceTree = "<group>";
		};
		91F4EED416B8D63D00F65E91 /* MMMainMenu.xib */ = {
			isa = PBXVariantGroup;
			children = (
				91F4EED516B8D63D00F65E91 /* en */,
			);
			name = MMMainMenu.xib;
			sourceTree = "<group>";
		};
/* End PBXVariantGroup section */

/* Begin XCBuildConfiguration section */
		919BA9B916C875C40091CB1B /* Debug */ = {
			isa = XCBuildConfiguration;
			buildSettings = {
				GCC_PRECOMPILE_PREFIX_HEADER = YES;
				GCC_PREFIX_HEADER = "Shell/Shell-Prefix.pch";
				PRODUCT_NAME = "$(TARGET_NAME)";
			};
			name = Debug;
		};
		919BA9BA16C875C40091CB1B /* Release */ = {
			isa = XCBuildConfiguration;
			buildSettings = {
				GCC_PRECOMPILE_PREFIX_HEADER = YES;
				GCC_PREFIX_HEADER = "Shell/Shell-Prefix.pch";
				PRODUCT_NAME = "$(TARGET_NAME)";
			};
			name = Release;
		};
		91E4C0681745682800062EF5 /* Debug */ = {
			isa = XCBuildConfiguration;
			buildSettings = {
				CODE_SIGN_IDENTITY = "";
				GCC_PRECOMPILE_PREFIX_HEADER = YES;
				GCC_PREFIX_HEADER = "ProcessMonitor/ProcessMonitor-Prefix.pch";
				INFOPLIST_FILE = "ProcessMonitor/ProcessMonitor-Info.plist";
				OTHER_LDFLAGS = (
					"-sectcreate",
					__TEXT,
					__info_plist,
					"ProcessMonitor/ProcessMonitor-Info.plist",
					"-sectcreate",
					__TEXT,
					__launchd_plist,
					"ProcessMonitor/ProcessMonitor-Launchd.plist",
				);
				PRODUCT_NAME = "mmm.$(TARGET_NAME)";
			};
			name = Debug;
		};
		91E4C0691745682800062EF5 /* Release */ = {
			isa = XCBuildConfiguration;
			buildSettings = {
				CODE_SIGN_IDENTITY = "";
				GCC_PRECOMPILE_PREFIX_HEADER = YES;
				GCC_PREFIX_HEADER = "ProcessMonitor/ProcessMonitor-Prefix.pch";
				INFOPLIST_FILE = "ProcessMonitor/ProcessMonitor-Info.plist";
				OTHER_LDFLAGS = (
					"-sectcreate",
					__TEXT,
					__info_plist,
					"ProcessMonitor/ProcessMonitor-Info.plist",
					"-sectcreate",
					__TEXT,
					__launchd_plist,
					"ProcessMonitor/ProcessMonitor-Launchd.plist",
				);
				PRODUCT_NAME = "mmm.$(TARGET_NAME)";
			};
			name = Release;
		};
		91F1747E16ED0CF0002E2594 /* Debug */ = {
			isa = XCBuildConfiguration;
			buildSettings = {
				BUNDLE_LOADER = "$(BUILT_PRODUCTS_DIR)/TermDebug.app/Contents/MacOS/TermDebug";
				COMBINE_HIDPI_IMAGES = YES;
				FRAMEWORK_SEARCH_PATHS = (
					"\"$(DEVELOPER_LIBRARY_DIR)/Frameworks\"",
					"\"$(SRCROOT)/Frameworks\"",
				);
				GCC_PRECOMPILE_PREFIX_HEADER = YES;
				GCC_PREFIX_HEADER = "TerminalTests/TerminalTests-Prefix.pch";
				GCC_PREPROCESSOR_DEFINITIONS = "";
				INFOPLIST_FILE = "TerminalTests/TerminalTests-Info.plist";
				PRODUCT_NAME = "$(TARGET_NAME)";
				TEST_HOST = "$(BUNDLE_LOADER)";
				WRAPPER_EXTENSION = octest;
			};
			name = Debug;
		};
		91F1747F16ED0CF0002E2594 /* Release */ = {
			isa = XCBuildConfiguration;
			buildSettings = {
				BUNDLE_LOADER = "$(BUILT_PRODUCTS_DIR)/Term.app/Contents/MacOS/Term";
				COMBINE_HIDPI_IMAGES = YES;
				FRAMEWORK_SEARCH_PATHS = (
					"\"$(DEVELOPER_LIBRARY_DIR)/Frameworks\"",
					"\"$(SRCROOT)/Frameworks\"",
				);
				GCC_PRECOMPILE_PREFIX_HEADER = YES;
				GCC_PREFIX_HEADER = "TerminalTests/TerminalTests-Prefix.pch";
				GCC_PREPROCESSOR_DEFINITIONS = "";
				INFOPLIST_FILE = "TerminalTests/TerminalTests-Info.plist";
				PRODUCT_NAME = "$(TARGET_NAME)";
				TEST_HOST = "$(BUNDLE_LOADER)";
				WRAPPER_EXTENSION = octest;
			};
			name = Release;
		};
		91F4EED716B8D63D00F65E91 /* Debug */ = {
			isa = XCBuildConfiguration;
			buildSettings = {
				ALWAYS_SEARCH_USER_PATHS = NO;
				ARCHS = "$(ARCHS_STANDARD_64_BIT)";
				CLANG_CXX_LANGUAGE_STANDARD = "gnu++0x";
				CLANG_CXX_LIBRARY = "libc++";
				CLANG_ENABLE_OBJC_ARC = YES;
				CLANG_WARN_CONSTANT_CONVERSION = YES;
				CLANG_WARN_EMPTY_BODY = YES;
				CLANG_WARN_ENUM_CONVERSION = YES;
				CLANG_WARN_INT_CONVERSION = YES;
				CLANG_WARN__DUPLICATE_METHOD_MATCH = YES;
				COPY_PHASE_STRIP = NO;
				GCC_C_LANGUAGE_STANDARD = gnu99;
				GCC_DYNAMIC_NO_PIC = NO;
				GCC_ENABLE_OBJC_EXCEPTIONS = YES;
				GCC_OPTIMIZATION_LEVEL = 0;
				GCC_PREPROCESSOR_DEFINITIONS = (
					"DEBUG=1",
					"$(inherited)",
				);
				GCC_SYMBOLS_PRIVATE_EXTERN = NO;
				GCC_WARN_64_TO_32_BIT_CONVERSION = YES;
				GCC_WARN_ABOUT_RETURN_TYPE = YES;
				GCC_WARN_UNINITIALIZED_AUTOS = YES;
				GCC_WARN_UNUSED_VARIABLE = YES;
				MACOSX_DEPLOYMENT_TARGET = 10.8;
				ONLY_ACTIVE_ARCH = YES;
				SDKROOT = macosx;
				STRIP_INSTALLED_PRODUCT = NO;
			};
			name = Debug;
		};
		91F4EED816B8D63D00F65E91 /* Release */ = {
			isa = XCBuildConfiguration;
			buildSettings = {
				ALWAYS_SEARCH_USER_PATHS = NO;
				ARCHS = "$(ARCHS_STANDARD_64_BIT)";
				CLANG_CXX_LANGUAGE_STANDARD = "gnu++0x";
				CLANG_CXX_LIBRARY = "libc++";
				CLANG_ENABLE_OBJC_ARC = YES;
				CLANG_WARN_CONSTANT_CONVERSION = YES;
				CLANG_WARN_EMPTY_BODY = YES;
				CLANG_WARN_ENUM_CONVERSION = YES;
				CLANG_WARN_INT_CONVERSION = YES;
				CLANG_WARN__DUPLICATE_METHOD_MATCH = YES;
				COPY_PHASE_STRIP = NO;
				DEBUG_INFORMATION_FORMAT = "dwarf-with-dsym";
				GCC_C_LANGUAGE_STANDARD = gnu99;
				GCC_ENABLE_OBJC_EXCEPTIONS = YES;
				GCC_WARN_64_TO_32_BIT_CONVERSION = YES;
				GCC_WARN_ABOUT_RETURN_TYPE = YES;
				GCC_WARN_UNINITIALIZED_AUTOS = YES;
				GCC_WARN_UNUSED_VARIABLE = YES;
				MACOSX_DEPLOYMENT_TARGET = 10.8;
				SDKROOT = macosx;
				STRIP_INSTALLED_PRODUCT = NO;
			};
			name = Release;
		};
		91F4EEDA16B8D63D00F65E91 /* Debug */ = {
			isa = XCBuildConfiguration;
			buildSettings = {
				CODE_SIGN_IDENTITY = "";
				COMBINE_HIDPI_IMAGES = YES;
				FRAMEWORK_SEARCH_PATHS = (
					"$(inherited)",
					"\"$(SRCROOT)/Frameworks\"",
				);
				GCC_PRECOMPILE_PREFIX_HEADER = YES;
				GCC_PREFIX_HEADER = "Terminal/Terminal-Prefix.pch";
				INFOPLIST_FILE = "Terminal/Terminal-Info.plist";
				PRODUCT_NAME = "$(TARGET_NAME)Debug";
				WRAPPER_EXTENSION = app;
			};
			name = Debug;
		};
		91F4EEDB16B8D63D00F65E91 /* Release */ = {
			isa = XCBuildConfiguration;
			buildSettings = {
				CODE_SIGN_IDENTITY = "";
				COMBINE_HIDPI_IMAGES = YES;
				FRAMEWORK_SEARCH_PATHS = (
					"$(inherited)",
					"\"$(SRCROOT)/Frameworks\"",
				);
				GCC_PRECOMPILE_PREFIX_HEADER = YES;
				GCC_PREFIX_HEADER = "Terminal/Terminal-Prefix.pch";
				INFOPLIST_FILE = "Terminal/Terminal-Info.plist";
				PRODUCT_NAME = "$(TARGET_NAME)";
				WRAPPER_EXTENSION = app;
			};
			name = Release;
		};
/* End XCBuildConfiguration section */

/* Begin XCConfigurationList section */
		919BA9BB16C875C40091CB1B /* Build configuration list for PBXNativeTarget "Shell" */ = {
			isa = XCConfigurationList;
			buildConfigurations = (
				919BA9B916C875C40091CB1B /* Debug */,
				919BA9BA16C875C40091CB1B /* Release */,
			);
			defaultConfigurationIsVisible = 0;
			defaultConfigurationName = Release;
		};
		91E4C06A1745682800062EF5 /* Build configuration list for PBXNativeTarget "ProcessMonitor" */ = {
			isa = XCConfigurationList;
			buildConfigurations = (
				91E4C0681745682800062EF5 /* Debug */,
				91E4C0691745682800062EF5 /* Release */,
			);
			defaultConfigurationIsVisible = 0;
			defaultConfigurationName = Release;
		};
		91F1748016ED0CF0002E2594 /* Build configuration list for PBXNativeTarget "TerminalTests" */ = {
			isa = XCConfigurationList;
			buildConfigurations = (
				91F1747E16ED0CF0002E2594 /* Debug */,
				91F1747F16ED0CF0002E2594 /* Release */,
			);
			defaultConfigurationIsVisible = 0;
			defaultConfigurationName = Release;
		};
		91F4EEB716B8D63C00F65E91 /* Build configuration list for PBXProject "Terminal" */ = {
			isa = XCConfigurationList;
			buildConfigurations = (
				91F4EED716B8D63D00F65E91 /* Debug */,
				91F4EED816B8D63D00F65E91 /* Release */,
			);
			defaultConfigurationIsVisible = 0;
			defaultConfigurationName = Release;
		};
		91F4EED916B8D63D00F65E91 /* Build configuration list for PBXNativeTarget "Term" */ = {
			isa = XCConfigurationList;
			buildConfigurations = (
				91F4EEDA16B8D63D00F65E91 /* Debug */,
				91F4EEDB16B8D63D00F65E91 /* Release */,
			);
			defaultConfigurationIsVisible = 0;
			defaultConfigurationName = Release;
		};
/* End XCConfigurationList section */
	};
	rootObject = 91F4EEB416B8D63C00F65E91 /* Project object */;
}
